github.com/RaidTheWeb/GopherVM v0.0.0-20200618013804-3c361d490928 h1:GPGQM2el0yqO3r5AogfWLz8ZLuCWf6vlXGiYVpSxEIo=
github.com/RaidTheWeb/GopherVM v0.0.0-20200618013804-3c361d490928/go.mod h1:k7u115rDs6qzCNG7a4BxL5O3/h2nlpwl6TaT1mvp42A=
github.com/RaidTheWeb/GopherVM v0.0.0-20200618013912-6d13f2753bfd h1:5znlN41nk2sKJeOl6hXV6lJiMwWhBB5zZxwfNfwM8p8=
github.com/RaidTheWeb/GopherVM v0.0.0-20200618013912-6d13f2753bfd/go.mod h1:k7u115rDs6qzCNG7a4BxL5O3/h2nlpwl6TaT1mvp42A=
github.com/RaidTheWeb/GopherVM v0.0.0-20200618014135-ee47f86b04fd h1:OBXmN4+YADFYGMi+coWF4GrDAiq4bODkIg3iXWk73Xw=
github.com/RaidTheWeb/GopherVM v0.0.0-20200618014135-ee47f86b04fd/go.mod h1:k7u115rDs6qzCNG7a4BxL5O3/h2nlpwl6TaT1mvp42A=
github.com/RaidTheWeb/GopherVM v0.0.0-20200618023636-1e8f3bc2c7e7 h1:ABiqb86Bdd7EIwA6WgNgZDtEt9enIMotKg2ORMB9hck=
github.com/RaidTheWeb/GopherVM v0.0.0-20200618023918-cce3129aa835 h1:pBOzJfksDhjb+rMKWqC+biGh91kIyTXjS0MZGaoyb7s=
github.com/RaidTheWeb/GopherVM v0.0.0-20200618023918-cce3129aa835/go.mod h1:k7u115rDs6qzCNG7a4BxL5O3/h2nlpwl6TaT1mvp42A=
github.com/RaidTheWeb/GopherVM v0.0.0-20200618041113-8c3a92438de4 h1:vonIrfWsDKX9zPM3Q9AGNwCavDInvTxAlnibwI8NNvI=
